// !$*UTF8*$!
{
	archiveVersion = 1;
	classes = {
	};
	objectVersion = 46;
	objects = {

/* Begin PBXBuildFile section */
		AF6C3B4316E3961E0014BE8F /* Localizable.strings in Resources */ = {isa = PBXBuildFile; fileRef = AF6C3B4116E3961E0014BE8F /* Localizable.strings */; };
		AF82AD8616DB87F400A10E78 /* Cocoa.framework in Frameworks */ = {isa = PBXBuildFile; fileRef = AF82AD8516DB87F400A10E78 /* Cocoa.framework */; };
		AF82AD9216DB87F400A10E78 /* main.m in Sources */ = {isa = PBXBuildFile; fileRef = AF82AD9116DB87F400A10E78 /* main.m */; };
		AF82AD9916DB87F400A10E78 /* BWAppDelegate.m in Sources */ = {isa = PBXBuildFile; fileRef = AF82AD9816DB87F400A10E78 /* BWAppDelegate.m */; };
		AF82ADA516DB8A9A00A10E78 /* BWForecastDataSource.m in Sources */ = {isa = PBXBuildFile; fileRef = AF82ADA416DB8A9A00A10E78 /* BWForecastDataSource.m */; };
		AF82ADAD16DB8E9800A10E78 /* MainMenu.xib in Resources */ = {isa = PBXBuildFile; fileRef = AF82ADAC16DB8E9800A10E78 /* MainMenu.xib */; };
		AF82ADC516DBB56F00A10E78 /* icon.icns in Resources */ = {isa = PBXBuildFile; fileRef = AF82ADC416DBB56F00A10E78 /* icon.icns */; };
		AFAE509E18B50BC3008287DE /* BWSettingsWindowController.m in Sources */ = {isa = PBXBuildFile; fileRef = AFAE509C18B50BC3008287DE /* BWSettingsWindowController.m */; };
		AFAE50A518B52726008287DE /* BWSettingsWindowController.xib in Resources */ = {isa = PBXBuildFile; fileRef = AFAE50A318B52726008287DE /* BWSettingsWindowController.xib */; };
/* End PBXBuildFile section */

/* Begin PBXFileReference section */
		AF6C3B4216E3961E0014BE8F /* en */ = {isa = PBXFileReference; fileEncoding = 10; lastKnownFileType = text.plist.strings; name = en; path = en.lproj/Localizable.strings; sourceTree = "<group>"; };
		AF82AD8216DB87F400A10E78 /* BriteWeather.app */ = {isa = PBXFileReference; explicitFileType = wrapper.application; includeInIndex = 0; path = BriteWeather.app; sourceTree = BUILT_PRODUCTS_DIR; };
		AF82AD8516DB87F400A10E78 /* Cocoa.framework */ = {isa = PBXFileReference; lastKnownFileType = wrapper.framework; name = Cocoa.framework; path = System/Library/Frameworks/Cocoa.framework; sourceTree = SDKROOT; };
		AF82AD8816DB87F400A10E78 /* AppKit.framework */ = {isa = PBXFileReference; lastKnownFileType = wrapper.framework; name = AppKit.framework; path = System/Library/Frameworks/AppKit.framework; sourceTree = SDKROOT; };
		AF82AD8916DB87F400A10E78 /* CoreData.framework */ = {isa = PBXFileReference; lastKnownFileType = wrapper.framework; name = CoreData.framework; path = System/Library/Frameworks/CoreData.framework; sourceTree = SDKROOT; };
		AF82AD8A16DB87F400A10E78 /* Foundation.framework */ = {isa = PBXFileReference; lastKnownFileType = wrapper.framework; name = Foundation.framework; path = System/Library/Frameworks/Foundation.framework; sourceTree = SDKROOT; };
		AF82AD8D16DB87F400A10E78 /* BriteWeather-Info.plist */ = {isa = PBXFileReference; lastKnownFileType = text.plist.xml; path = "BriteWeather-Info.plist"; sourceTree = "<group>"; };
		AF82AD9116DB87F400A10E78 /* main.m */ = {isa = PBXFileReference; lastKnownFileType = sourcecode.c.objc; path = main.m; sourceTree = "<group>"; };
		AF82AD9316DB87F400A10E78 /* BriteWeather-Prefix.pch */ = {isa = PBXFileReference; lastKnownFileType = sourcecode.c.h; path = "BriteWeather-Prefix.pch"; sourceTree = "<group>"; };
		AF82AD9716DB87F400A10E78 /* BWAppDelegate.h */ = {isa = PBXFileReference; lastKnownFileType = sourcecode.c.h; path = BWAppDelegate.h; sourceTree = "<group>"; };
		AF82AD9816DB87F400A10E78 /* BWAppDelegate.m */ = {isa = PBXFileReference; lastKnownFileType = sourcecode.c.objc; path = BWAppDelegate.m; sourceTree = "<group>"; };
		AF82ADA316DB8A9A00A10E78 /* BWForecastDataSource.h */ = {isa = PBXFileReference; fileEncoding = 4; lastKnownFileType = sourcecode.c.h; name = BWForecastDataSource.h; path = Data/BWForecastDataSource.h; sourceTree = "<group>"; };
		AF82ADA416DB8A9A00A10E78 /* BWForecastDataSource.m */ = {isa = PBXFileReference; fileEncoding = 4; lastKnownFileType = sourcecode.c.objc; name = BWForecastDataSource.m; path = Data/BWForecastDataSource.m; sourceTree = "<group>"; };
		AF82ADAC16DB8E9800A10E78 /* MainMenu.xib */ = {isa = PBXFileReference; fileEncoding = 4; lastKnownFileType = file.xib; path = MainMenu.xib; sourceTree = "<group>"; };
		AF82ADC416DBB56F00A10E78 /* icon.icns */ = {isa = PBXFileReference; lastKnownFileType = image.icns; path = icon.icns; sourceTree = "<group>"; };
		AFAE509B18B50BC3008287DE /* BWSettingsWindowController.h */ = {isa = PBXFileReference; fileEncoding = 4; lastKnownFileType = sourcecode.c.h; name = BWSettingsWindowController.h; path = BriteWeather/BWSettingsWindowController.h; sourceTree = SOURCE_ROOT; };
		AFAE509C18B50BC3008287DE /* BWSettingsWindowController.m */ = {isa = PBXFileReference; fileEncoding = 4; lastKnownFileType = sourcecode.c.objc; name = BWSettingsWindowController.m; path = BriteWeather/BWSettingsWindowController.m; sourceTree = SOURCE_ROOT; };
		AFAE50A418B52726008287DE /* en */ = {isa = PBXFileReference; lastKnownFileType = file.xib; name = en; path = en.lproj/BWSettingsWindowController.xib; sourceTree = "<group>"; };
		AFAE50A618B52786008287DE /* ru */ = {isa = PBXFileReference; lastKnownFileType = file.xib; name = ru; path = ru.lproj/BWSettingsWindowController.xib; sourceTree = "<group>"; };
		AFAE50A718B52786008287DE /* ru */ = {isa = PBXFileReference; fileEncoding = 4; lastKnownFileType = text.plist.strings; name = ru; path = ru.lproj/Localizable.strings; sourceTree = "<group>"; };
/* End PBXFileReference section */

/* Begin PBXFrameworksBuildPhase section */
		AF82AD7F16DB87F400A10E78 /* Frameworks */ = {
			isa = PBXFrameworksBuildPhase;
			buildActionMask = 2147483647;
			files = (
				AF82AD8616DB87F400A10E78 /* Cocoa.framework in Frameworks */,
			);
			runOnlyForDeploymentPostprocessing = 0;
		};
/* End PBXFrameworksBuildPhase section */

/* Begin PBXGroup section */
		AF82AD7916DB87F400A10E78 = {
			isa = PBXGroup;
			children = (
				AF82ADA216DB8A8800A10E78 /* Data */,
				AF82AD8B16DB87F400A10E78 /* BriteWeather */,
				AF82ADAB16DB8E9800A10E78 /* Resources */,
				AF82AD8416DB87F400A10E78 /* Frameworks */,
				AF82AD8316DB87F400A10E78 /* Products */,
			);
			sourceTree = "<group>";
		};
		AF82AD8316DB87F400A10E78 /* Products */ = {
			isa = PBXGroup;
			children = (
				AF82AD8216DB87F400A10E78 /* BriteWeather.app */,
			);
			name = Products;
			sourceTree = "<group>";
		};
		AF82AD8416DB87F400A10E78 /* Frameworks */ = {
			isa = PBXGroup;
			children = (
				AF82AD8716DB87F400A10E78 /* Other Frameworks */,
				AF82AD8516DB87F400A10E78 /* Cocoa.framework */,
			);
			name = Frameworks;
			sourceTree = "<group>";
		};
		AF82AD8716DB87F400A10E78 /* Other Frameworks */ = {
			isa = PBXGroup;
			children = (
				AF82AD8816DB87F400A10E78 /* AppKit.framework */,
				AF82AD8916DB87F400A10E78 /* CoreData.framework */,
				AF82AD8A16DB87F400A10E78 /* Foundation.framework */,
			);
			name = "Other Frameworks";
			sourceTree = "<group>";
		};
		AF82AD8B16DB87F400A10E78 /* BriteWeather */ = {
			isa = PBXGroup;
			children = (
				AF82AD8C16DB87F400A10E78 /* Supporting Files */,
				AF82AD9716DB87F400A10E78 /* BWAppDelegate.h */,
				AF82AD9816DB87F400A10E78 /* BWAppDelegate.m */,
				AFAE509B18B50BC3008287DE /* BWSettingsWindowController.h */,
				AFAE509C18B50BC3008287DE /* BWSettingsWindowController.m */,
			);
			path = BriteWeather;
			sourceTree = "<group>";
		};
		AF82AD8C16DB87F400A10E78 /* Supporting Files */ = {
			isa = PBXGroup;
			children = (
				AF82AD8D16DB87F400A10E78 /* BriteWeather-Info.plist */,
				AF82AD9316DB87F400A10E78 /* BriteWeather-Prefix.pch */,
				AF82AD9116DB87F400A10E78 /* main.m */,
			);
			name = "Supporting Files";
			sourceTree = "<group>";
		};
		AF82ADA216DB8A8800A10E78 /* Data */ = {
			isa = PBXGroup;
			children = (
				AF82ADA316DB8A9A00A10E78 /* BWForecastDataSource.h */,
				AF82ADA416DB8A9A00A10E78 /* BWForecastDataSource.m */,
			);
			name = Data;
			sourceTree = "<group>";
		};
		AF82ADAB16DB8E9800A10E78 /* Resources */ = {
			isa = PBXGroup;
			children = (
				AFAE50A318B52726008287DE /* BWSettingsWindowController.xib */,
				AF82ADC416DBB56F00A10E78 /* icon.icns */,
				AF6C3B4116E3961E0014BE8F /* Localizable.strings */,
				AF82ADAC16DB8E9800A10E78 /* MainMenu.xib */,
			);
			path = Resources;
			sourceTree = "<group>";
		};
/* End PBXGroup section */

/* Begin PBXNativeTarget section */
		AF82AD8116DB87F400A10E78 /* BriteWeather */ = {
			isa = PBXNativeTarget;
			buildConfigurationList = AF82AD9F16DB87F400A10E78 /* Build configuration list for PBXNativeTarget "BriteWeather" */;
			buildPhases = (
				AF82AD7E16DB87F400A10E78 /* Sources */,
				AF82AD7F16DB87F400A10E78 /* Frameworks */,
				AF82AD8016DB87F400A10E78 /* Resources */,
			);
			buildRules = (
			);
			dependencies = (
			);
			name = BriteWeather;
			productName = BriteWeather;
			productReference = AF82AD8216DB87F400A10E78 /* BriteWeather.app */;
			productType = "com.apple.product-type.application";
		};
/* End PBXNativeTarget section */

/* Begin PBXProject section */
		AF82AD7A16DB87F400A10E78 /* Project object */ = {
			isa = PBXProject;
			attributes = {
				CLASSPREFIX = BW;
				LastUpgradeCheck = 0500;
				ORGANIZATIONNAME = "Brite Apps";
			};
			buildConfigurationList = AF82AD7D16DB87F400A10E78 /* Build configuration list for PBXProject "BriteWeather" */;
			compatibilityVersion = "Xcode 3.2";
			developmentRegion = English;
			hasScannedForEncodings = 0;
			knownRegions = (
				en,
				ru,
			);
			mainGroup = AF82AD7916DB87F400A10E78;
			productRefGroup = AF82AD8316DB87F400A10E78 /* Products */;
			projectDirPath = "";
			projectRoot = "";
			targets = (
				AF82AD8116DB87F400A10E78 /* BriteWeather */,
			);
		};
/* End PBXProject section */

/* Begin PBXResourcesBuildPhase section */
		AF82AD8016DB87F400A10E78 /* Resources */ = {
			isa = PBXResourcesBuildPhase;
			buildActionMask = 2147483647;
			files = (
				AF82ADAD16DB8E9800A10E78 /* MainMenu.xib in Resources */,
				AFAE50A518B52726008287DE /* BWSettingsWindowController.xib in Resources */,
				AF82ADC516DBB56F00A10E78 /* icon.icns in Resources */,
				AF6C3B4316E3961E0014BE8F /* Localizable.strings in Resources */,
			);
			runOnlyForDeploymentPostprocessing = 0;
		};
/* End PBXResourcesBuildPhase section */

/* Begin PBXSourcesBuildPhase section */
		AF82AD7E16DB87F400A10E78 /* Sources */ = {
			isa = PBXSourcesBuildPhase;
			buildActionMask = 2147483647;
			files = (
				AF82AD9216DB87F400A10E78 /* main.m in Sources */,
				AF82AD9916DB87F400A10E78 /* BWAppDelegate.m in Sources */,
				AF82ADA516DB8A9A00A10E78 /* BWForecastDataSource.m in Sources */,
				AFAE509E18B50BC3008287DE /* BWSettingsWindowController.m in Sources */,
			);
			runOnlyForDeploymentPostprocessing = 0;
		};
/* End PBXSourcesBuildPhase section */

/* Begin PBXVariantGroup section */
		AF6C3B4116E3961E0014BE8F /* Localizable.strings */ = {
			isa = PBXVariantGroup;
			children = (
				AF6C3B4216E3961E0014BE8F /* en */,
				AFAE50A718B52786008287DE /* ru */,
			);
			name = Localizable.strings;
			sourceTree = "<group>";
		};
		AFAE50A318B52726008287DE /* BWSettingsWindowController.xib */ = {
			isa = PBXVariantGroup;
			children = (
				AFAE50A418B52726008287DE /* en */,
				AFAE50A618B52786008287DE /* ru */,
			);
			name = BWSettingsWindowController.xib;
			sourceTree = "<group>";
		};
/* End PBXVariantGroup section */

/* Begin XCBuildConfiguration section */
		AF82AD9D16DB87F400A10E78 /* Debug */ = {
			isa = XCBuildConfiguration;
			buildSettings = {
				ALWAYS_SEARCH_USER_PATHS = NO;
				CLANG_CXX_LANGUAGE_STANDARD = "gnu++0x";
				CLANG_CXX_LIBRARY = "libc++";
				CLANG_ENABLE_OBJC_ARC = YES;
				CLANG_WARN_CONSTANT_CONVERSION = YES;
				CLANG_WARN_EMPTY_BODY = YES;
				CLANG_WARN_ENUM_CONVERSION = YES;
				CLANG_WARN_INT_CONVERSION = YES;
				CLANG_WARN__DUPLICATE_METHOD_MATCH = YES;
				COPY_PHASE_STRIP = NO;
				GCC_C_LANGUAGE_STANDARD = gnu99;
				GCC_DYNAMIC_NO_PIC = NO;
				GCC_ENABLE_OBJC_EXCEPTIONS = YES;
				GCC_OPTIMIZATION_LEVEL = 0;
				GCC_PREPROCESSOR_DEFINITIONS = (
					"DEBUG=1",
					"$(inherited)",
				);
				GCC_SYMBOLS_PRIVATE_EXTERN = NO;
				GCC_WARN_64_TO_32_BIT_CONVERSION = YES;
				GCC_WARN_ABOUT_RETURN_TYPE = YES;
				GCC_WARN_UNINITIALIZED_AUTOS = YES;
				GCC_WARN_UNUSED_VARIABLE = YES;
				MACOSX_DEPLOYMENT_TARGET = 10.8;
				ONLY_ACTIVE_ARCH = YES;
				SDKROOT = macosx;
			};
			name = Debug;
		};
		AF82AD9E16DB87F400A10E78 /* Release */ = {
			isa = XCBuildConfiguration;
			buildSettings = {
				ALWAYS_SEARCH_USER_PATHS = NO;
				CLANG_CXX_LANGUAGE_STANDARD = "gnu++0x";
				CLANG_CXX_LIBRARY = "libc++";
				CLANG_ENABLE_OBJC_ARC = YES;
				CLANG_WARN_CONSTANT_CONVERSION = YES;
				CLANG_WARN_EMPTY_BODY = YES;
				CLANG_WARN_ENUM_CONVERSION = YES;
				CLANG_WARN_INT_CONVERSION = YES;
				CLANG_WARN__DUPLICATE_METHOD_MATCH = YES;
				COPY_PHASE_STRIP = YES;
				DEBUG_INFORMATION_FORMAT = "dwarf-with-dsym";
				GCC_C_LANGUAGE_STANDARD = gnu99;
				GCC_ENABLE_OBJC_EXCEPTIONS = YES;
				GCC_WARN_64_TO_32_BIT_CONVERSION = YES;
				GCC_WARN_ABOUT_RETURN_TYPE = YES;
				GCC_WARN_UNINITIALIZED_AUTOS = YES;
				GCC_WARN_UNUSED_VARIABLE = YES;
				MACOSX_DEPLOYMENT_TARGET = 10.8;
				SDKROOT = macosx;
			};
			name = Release;
		};
		AF82ADA016DB87F400A10E78 /* Debug */ = {
			isa = XCBuildConfiguration;
			buildSettings = {
				COMBINE_HIDPI_IMAGES = YES;
				GCC_PRECOMPILE_PREFIX_HEADER = YES;
				GCC_PREFIX_HEADER = "BriteWeather/BriteWeather-Prefix.pch";
				INFOPLIST_FILE = "BriteWeather/BriteWeather-Info.plist";
				MACOSX_DEPLOYMENT_TARGET = 10.8;
				OTHER_CFLAGS = "-DDEBUG";
				PRODUCT_NAME = "$(TARGET_NAME)";
				SDKROOT = macosx;
				WRAPPER_EXTENSION = app;
			};
			name = Debug;
		};
		AF82ADA116DB87F400A10E78 /* Release */ = {
			isa = XCBuildConfiguration;
			buildSettings = {
				COMBINE_HIDPI_IMAGES = YES;
				GCC_PRECOMPILE_PREFIX_HEADER = YES;
				GCC_PREFIX_HEADER = "BriteWeather/BriteWeather-Prefix.pch";
				INFOPLIST_FILE = "BriteWeather/BriteWeather-Info.plist";
				MACOSX_DEPLOYMENT_TARGET = 10.8;
				PRODUCT_NAME = "$(TARGET_NAME)";
				SDKROOT = macosx;
				WRAPPER_EXTENSION = app;
			};
			name = Release;
		};
/* End XCBuildConfiguration section */

/* Begin XCConfigurationList section */
		AF82AD7D16DB87F400A10E78 /* Build configuration list for PBXProject "BriteWeather" */ = {
			isa = XCConfigurationList;
			buildConfigurations = (
				AF82AD9D16DB87F400A10E78 /* Debug */,
				AF82AD9E16DB87F400A10E78 /* Release */,
			);
			defaultConfigurationIsVisible = 0;
			defaultConfigurationName = Release;
		};
		AF82AD9F16DB87F400A10E78 /* Build configuration list for PBXNativeTarget "BriteWeather" */ = {
			isa = XCConfigurationList;
			buildConfigurations = (
				AF82ADA016DB87F400A10E78 /* Debug */,
				AF82ADA116DB87F400A10E78 /* Release */,
			);
			defaultConfigurationIsVisible = 0;
			defaultConfigurationName = Release;
		};
/* End XCConfigurationList section */
	};
	rootObject = AF82AD7A16DB87F400A10E78 /* Project object */;
}
